// !$*UTF8*$!
{
	archiveVersion = 1;
	classes = {
	};
	objectVersion = 46;
	objects = {

/* Begin PBXBuildFile section */
		0F029E5406BC4742B8B20EE4 /* libPods.a in Frameworks */ = {isa = PBXBuildFile; fileRef = 541525D46F964201A2684BB6 /* libPods.a */; };
		4A26208018A1DB3400E973EC /* Cocoa.framework in Frameworks */ = {isa = PBXBuildFile; fileRef = 4A26207F18A1DB3400E973EC /* Cocoa.framework */; };
		4A26208A18A1DB3400E973EC /* InfoPlist.strings in Resources */ = {isa = PBXBuildFile; fileRef = 4A26208818A1DB3400E973EC /* InfoPlist.strings */; };
		4A26208C18A1DB3400E973EC /* main.m in Sources */ = {isa = PBXBuildFile; fileRef = 4A26208B18A1DB3400E973EC /* main.m */; };
		4A26209018A1DB3400E973EC /* Credits.rtf in Resources */ = {isa = PBXBuildFile; fileRef = 4A26208E18A1DB3400E973EC /* Credits.rtf */; };
		4A26209318A1DB3400E973EC /* ABAppDelegate.m in Sources */ = {isa = PBXBuildFile; fileRef = 4A26209218A1DB3400E973EC /* ABAppDelegate.m */; };
		4A26209618A1DB3400E973EC /* MainMenu.xib in Resources */ = {isa = PBXBuildFile; fileRef = 4A26209418A1DB3400E973EC /* MainMenu.xib */; };
		4A26209818A1DB3400E973EC /* Images.xcassets in Resources */ = {isa = PBXBuildFile; fileRef = 4A26209718A1DB3400E973EC /* Images.xcassets */; };
		4A26209F18A1DB3400E973EC /* XCTest.framework in Frameworks */ = {isa = PBXBuildFile; fileRef = 4A26209E18A1DB3400E973EC /* XCTest.framework */; };
		4A2620A018A1DB3400E973EC /* Cocoa.framework in Frameworks */ = {isa = PBXBuildFile; fileRef = 4A26207F18A1DB3400E973EC /* Cocoa.framework */; };
		4A2620A818A1DB3400E973EC /* InfoPlist.strings in Resources */ = {isa = PBXBuildFile; fileRef = 4A2620A618A1DB3400E973EC /* InfoPlist.strings */; };
		4A2620B418A1E65100E973EC /* ABScreenCapturerTests.m in Sources */ = {isa = PBXBuildFile; fileRef = 4A2620B318A1E65100E973EC /* ABScreenCapturerTests.m */; };
		4A2620B818A1E68D00E973EC /* ABScreenCapture.m in Sources */ = {isa = PBXBuildFile; fileRef = 4A2620B718A1E68D00E973EC /* ABScreenCapture.m */; };
		4A72CC5618A29D7A00B41533 /* ABScreenCaptureController.m in Sources */ = {isa = PBXBuildFile; fileRef = 4A72CC5518A29D7A00B41533 /* ABScreenCaptureController.m */; };
		4A72CC5818A307D500B41533 /* ABScreenCaptureControllerTests.m in Sources */ = {isa = PBXBuildFile; fileRef = 4A72CC5718A307D500B41533 /* ABScreenCaptureControllerTests.m */; };
		4A72CC5C18A30A6400B41533 /* FakeABScreenCaptureControllerDelegate.m in Sources */ = {isa = PBXBuildFile; fileRef = 4A72CC5B18A30A6400B41533 /* FakeABScreenCaptureControllerDelegate.m */; };
		4A9AE73D18A3F45500D06721 /* ABCaptureAreaWindow.m in Sources */ = {isa = PBXBuildFile; fileRef = 4A9AE73C18A3F45500D06721 /* ABCaptureAreaWindow.m */; };
		4A9AE74018A40F5B00D06721 /* ABCaptureAreaView.m in Sources */ = {isa = PBXBuildFile; fileRef = 4A9AE73F18A40F5B00D06721 /* ABCaptureAreaView.m */; };
		4A9AE74418A42C3200D06721 /* NSImage+Crop.m in Sources */ = {isa = PBXBuildFile; fileRef = 4A9AE74318A42C3200D06721 /* NSImage+Crop.m */; };
		4A9AE74918A5400500D06721 /* ABImageUploadWindow.xib in Resources */ = {isa = PBXBuildFile; fileRef = 4A9AE74818A5400500D06721 /* ABImageUploadWindow.xib */; };
		4A9AE74C18A541C900D06721 /* ABImageUploadWindowController.m in Sources */ = {isa = PBXBuildFile; fileRef = 4A9AE74B18A541C900D06721 /* ABImageUploadWindowController.m */; };
		4A9AE75618A5BCB300D06721 /* libicucore.dylib in Frameworks */ = {isa = PBXBuildFile; fileRef = 4A9AE75518A5BCB300D06721 /* libicucore.dylib */; };
		4A9AE75818A5BCBB00D06721 /* CFNetwork.framework in Frameworks */ = {isa = PBXBuildFile; fileRef = 4A9AE75718A5BCBB00D06721 /* CFNetwork.framework */; };
		4A9AE75A18A5BCC300D06721 /* Security.framework in Frameworks */ = {isa = PBXBuildFile; fileRef = 4A9AE75918A5BCC300D06721 /* Security.framework */; };
		4A9AE75B18A5BCCB00D06721 /* Foundation.framework in Frameworks */ = {isa = PBXBuildFile; fileRef = 4A26208418A1DB3400E973EC /* Foundation.framework */; };
		A880C1BEAAA24C9A905BF4D0 /* libPods-AirbugTests.a in Frameworks */ = {isa = PBXBuildFile; fileRef = BA186A99EBFC4090BF0013C6 /* libPods-AirbugTests.a */; };
/* End PBXBuildFile section */

/* Begin PBXContainerItemProxy section */
		4A2620A118A1DB3400E973EC /* PBXContainerItemProxy */ = {
			isa = PBXContainerItemProxy;
			containerPortal = 4A26207418A1DB3400E973EC /* Project object */;
			proxyType = 1;
			remoteGlobalIDString = 4A26207B18A1DB3400E973EC;
			remoteInfo = Airbug;
		};
/* End PBXContainerItemProxy section */

/* Begin PBXFileReference section */
		4A26207C18A1DB3400E973EC /* Airbug.app */ = {isa = PBXFileReference; explicitFileType = wrapper.application; includeInIndex = 0; path = Airbug.app; sourceTree = BUILT_PRODUCTS_DIR; };
		4A26207F18A1DB3400E973EC /* Cocoa.framework */ = {isa = PBXFileReference; lastKnownFileType = wrapper.framework; name = Cocoa.framework; path = System/Library/Frameworks/Cocoa.framework; sourceTree = SDKROOT; };
		4A26208218A1DB3400E973EC /* AppKit.framework */ = {isa = PBXFileReference; lastKnownFileType = wrapper.framework; name = AppKit.framework; path = System/Library/Frameworks/AppKit.framework; sourceTree = SDKROOT; };
		4A26208318A1DB3400E973EC /* CoreData.framework */ = {isa = PBXFileReference; lastKnownFileType = wrapper.framework; name = CoreData.framework; path = System/Library/Frameworks/CoreData.framework; sourceTree = SDKROOT; };
		4A26208418A1DB3400E973EC /* Foundation.framework */ = {isa = PBXFileReference; lastKnownFileType = wrapper.framework; name = Foundation.framework; path = System/Library/Frameworks/Foundation.framework; sourceTree = SDKROOT; };
		4A26208718A1DB3400E973EC /* Airbug-Info.plist */ = {isa = PBXFileReference; lastKnownFileType = text.plist.xml; path = "Airbug-Info.plist"; sourceTree = "<group>"; };
		4A26208918A1DB3400E973EC /* en */ = {isa = PBXFileReference; lastKnownFileType = text.plist.strings; name = en; path = en.lproj/InfoPlist.strings; sourceTree = "<group>"; };
		4A26208B18A1DB3400E973EC /* main.m */ = {isa = PBXFileReference; lastKnownFileType = sourcecode.c.objc; path = main.m; sourceTree = "<group>"; };
		4A26208D18A1DB3400E973EC /* Airbug-Prefix.pch */ = {isa = PBXFileReference; lastKnownFileType = sourcecode.c.h; path = "Airbug-Prefix.pch"; sourceTree = "<group>"; };
		4A26208F18A1DB3400E973EC /* en */ = {isa = PBXFileReference; lastKnownFileType = text.rtf; name = en; path = en.lproj/Credits.rtf; sourceTree = "<group>"; };
		4A26209118A1DB3400E973EC /* ABAppDelegate.h */ = {isa = PBXFileReference; lastKnownFileType = sourcecode.c.h; path = ABAppDelegate.h; sourceTree = "<group>"; };
		4A26209218A1DB3400E973EC /* ABAppDelegate.m */ = {isa = PBXFileReference; lastKnownFileType = sourcecode.c.objc; path = ABAppDelegate.m; sourceTree = "<group>"; };
		4A26209518A1DB3400E973EC /* Base */ = {isa = PBXFileReference; lastKnownFileType = file.xib; name = Base; path = Base.lproj/MainMenu.xib; sourceTree = "<group>"; };
		4A26209718A1DB3400E973EC /* Images.xcassets */ = {isa = PBXFileReference; lastKnownFileType = folder.assetcatalog; path = Images.xcassets; sourceTree = "<group>"; };
		4A26209D18A1DB3400E973EC /* AirbugTests.xctest */ = {isa = PBXFileReference; explicitFileType = wrapper.cfbundle; includeInIndex = 0; path = AirbugTests.xctest; sourceTree = BUILT_PRODUCTS_DIR; };
		4A26209E18A1DB3400E973EC /* XCTest.framework */ = {isa = PBXFileReference; lastKnownFileType = wrapper.framework; name = XCTest.framework; path = Library/Frameworks/XCTest.framework; sourceTree = DEVELOPER_DIR; };
		4A2620A518A1DB3400E973EC /* AirbugTests-Info.plist */ = {isa = PBXFileReference; lastKnownFileType = text.plist.xml; path = "AirbugTests-Info.plist"; sourceTree = "<group>"; };
		4A2620A718A1DB3400E973EC /* en */ = {isa = PBXFileReference; lastKnownFileType = text.plist.strings; name = en; path = en.lproj/InfoPlist.strings; sourceTree = "<group>"; };
		4A2620B318A1E65100E973EC /* ABScreenCapturerTests.m */ = {isa = PBXFileReference; fileEncoding = 4; lastKnownFileType = sourcecode.c.objc; path = ABScreenCapturerTests.m; sourceTree = "<group>"; };
		4A2620B618A1E68D00E973EC /* ABScreenCapture.h */ = {isa = PBXFileReference; fileEncoding = 4; lastKnownFileType = sourcecode.c.h; path = ABScreenCapture.h; sourceTree = "<group>"; };
		4A2620B718A1E68D00E973EC /* ABScreenCapture.m */ = {isa = PBXFileReference; fileEncoding = 4; lastKnownFileType = sourcecode.c.objc; path = ABScreenCapture.m; sourceTree = "<group>"; };
		4A6B73FD5BF94E7FA3648D8C /* Pods.xcconfig */ = {isa = PBXFileReference; includeInIndex = 1; lastKnownFileType = text.xcconfig; name = Pods.xcconfig; path = Pods/Pods.xcconfig; sourceTree = "<group>"; };
		4A72CC5418A29D7A00B41533 /* ABScreenCaptureController.h */ = {isa = PBXFileReference; fileEncoding = 4; lastKnownFileType = sourcecode.c.h; path = ABScreenCaptureController.h; sourceTree = "<group>"; };
		4A72CC5518A29D7A00B41533 /* ABScreenCaptureController.m */ = {isa = PBXFileReference; fileEncoding = 4; lastKnownFileType = sourcecode.c.objc; path = ABScreenCaptureController.m; sourceTree = "<group>"; };
		4A72CC5718A307D500B41533 /* ABScreenCaptureControllerTests.m */ = {isa = PBXFileReference; fileEncoding = 4; lastKnownFileType = sourcecode.c.objc; path = ABScreenCaptureControllerTests.m; sourceTree = "<group>"; };
		4A72CC5A18A30A6400B41533 /* FakeABScreenCaptureControllerDelegate.h */ = {isa = PBXFileReference; fileEncoding = 4; lastKnownFileType = sourcecode.c.h; path = FakeABScreenCaptureControllerDelegate.h; sourceTree = "<group>"; };
		4A72CC5B18A30A6400B41533 /* FakeABScreenCaptureControllerDelegate.m */ = {isa = PBXFileReference; fileEncoding = 4; lastKnownFileType = sourcecode.c.objc; path = FakeABScreenCaptureControllerDelegate.m; sourceTree = "<group>"; };
		4A9AE73B18A3F45500D06721 /* ABCaptureAreaWindow.h */ = {isa = PBXFileReference; fileEncoding = 4; lastKnownFileType = sourcecode.c.h; path = ABCaptureAreaWindow.h; sourceTree = "<group>"; };
		4A9AE73C18A3F45500D06721 /* ABCaptureAreaWindow.m */ = {isa = PBXFileReference; fileEncoding = 4; lastKnownFileType = sourcecode.c.objc; path = ABCaptureAreaWindow.m; sourceTree = "<group>"; };
		4A9AE73E18A40F5B00D06721 /* ABCaptureAreaView.h */ = {isa = PBXFileReference; fileEncoding = 4; lastKnownFileType = sourcecode.c.h; path = ABCaptureAreaView.h; sourceTree = "<group>"; };
		4A9AE73F18A40F5B00D06721 /* ABCaptureAreaView.m */ = {isa = PBXFileReference; fileEncoding = 4; lastKnownFileType = sourcecode.c.objc; path = ABCaptureAreaView.m; sourceTree = "<group>"; };
		4A9AE74218A42C3200D06721 /* NSImage+Crop.h */ = {isa = PBXFileReference; fileEncoding = 4; lastKnownFileType = sourcecode.c.h; path = "NSImage+Crop.h"; sourceTree = "<group>"; };
		4A9AE74318A42C3200D06721 /* NSImage+Crop.m */ = {isa = PBXFileReference; fileEncoding = 4; lastKnownFileType = sourcecode.c.objc; path = "NSImage+Crop.m"; sourceTree = "<group>"; };
		4A9AE74818A5400500D06721 /* ABImageUploadWindow.xib */ = {isa = PBXFileReference; fileEncoding = 4; lastKnownFileType = file.xib; path = ABImageUploadWindow.xib; sourceTree = "<group>"; };
		4A9AE74A18A541C900D06721 /* ABImageUploadWindowController.h */ = {isa = PBXFileReference; fileEncoding = 4; lastKnownFileType = sourcecode.c.h; path = ABImageUploadWindowController.h; sourceTree = "<group>"; };
		4A9AE74B18A541C900D06721 /* ABImageUploadWindowController.m */ = {isa = PBXFileReference; fileEncoding = 4; lastKnownFileType = sourcecode.c.objc; path = ABImageUploadWindowController.m; sourceTree = "<group>"; };
		4A9AE74D18A54B4A00D06721 /* ABImageUploadWindowControllerDelegate.h */ = {isa = PBXFileReference; lastKnownFileType = sourcecode.c.h; path = ABImageUploadWindowControllerDelegate.h; sourceTree = "<group>"; };
		4A9AE74E18A5597A00D06721 /* QuartzCore.framework */ = {isa = PBXFileReference; lastKnownFileType = wrapper.framework; name = QuartzCore.framework; path = System/Library/Frameworks/QuartzCore.framework; sourceTree = SDKROOT; };
		4A9AE75018A5598B00D06721 /* Quartz.framework */ = {isa = PBXFileReference; lastKnownFileType = wrapper.framework; name = Quartz.framework; path = System/Library/Frameworks/Quartz.framework; sourceTree = SDKROOT; };
		4A9AE75518A5BCB300D06721 /* libicucore.dylib */ = {isa = PBXFileReference; lastKnownFileType = "compiled.mach-o.dylib"; name = libicucore.dylib; path = usr/lib/libicucore.dylib; sourceTree = SDKROOT; };
		4A9AE75718A5BCBB00D06721 /* CFNetwork.framework */ = {isa = PBXFileReference; lastKnownFileType = wrapper.framework; name = CFNetwork.framework; path = System/Library/Frameworks/CFNetwork.framework; sourceTree = SDKROOT; };
		4A9AE75918A5BCC300D06721 /* Security.framework */ = {isa = PBXFileReference; lastKnownFileType = wrapper.framework; name = Security.framework; path = System/Library/Frameworks/Security.framework; sourceTree = SDKROOT; };
		533C6D2BC68D40A8B00F8672 /* Pods-AirbugTests.xcconfig */ = {isa = PBXFileReference; includeInIndex = 1; lastKnownFileType = text.xcconfig; name = "Pods-AirbugTests.xcconfig"; path = "Pods/Pods-AirbugTests.xcconfig"; sourceTree = "<group>"; };
		541525D46F964201A2684BB6 /* libPods.a */ = {isa = PBXFileReference; explicitFileType = archive.ar; includeInIndex = 0; path = libPods.a; sourceTree = BUILT_PRODUCTS_DIR; };
		BA186A99EBFC4090BF0013C6 /* libPods-AirbugTests.a */ = {isa = PBXFileReference; explicitFileType = archive.ar; includeInIndex = 0; path = "libPods-AirbugTests.a"; sourceTree = BUILT_PRODUCTS_DIR; };
/* End PBXFileReference section */

/* Begin PBXFrameworksBuildPhase section */
		4A26207918A1DB3400E973EC /* Frameworks */ = {
			isa = PBXFrameworksBuildPhase;
			buildActionMask = 2147483647;
			files = (
				4A26208018A1DB3400E973EC /* Cocoa.framework in Frameworks */,
				0F029E5406BC4742B8B20EE4 /* libPods.a in Frameworks */,
			);
			runOnlyForDeploymentPostprocessing = 0;
		};
		4A26209A18A1DB3400E973EC /* Frameworks */ = {
			isa = PBXFrameworksBuildPhase;
			buildActionMask = 2147483647;
			files = (
				4A9AE75B18A5BCCB00D06721 /* Foundation.framework in Frameworks */,
				4A9AE75A18A5BCC300D06721 /* Security.framework in Frameworks */,
				4A9AE75818A5BCBB00D06721 /* CFNetwork.framework in Frameworks */,
				4A9AE75618A5BCB300D06721 /* libicucore.dylib in Frameworks */,
				4A2620A018A1DB3400E973EC /* Cocoa.framework in Frameworks */,
				4A26209F18A1DB3400E973EC /* XCTest.framework in Frameworks */,
				A880C1BEAAA24C9A905BF4D0 /* libPods-AirbugTests.a in Frameworks */,
			);
			runOnlyForDeploymentPostprocessing = 0;
		};
/* End PBXFrameworksBuildPhase section */

/* Begin PBXGroup section */
		4A26207318A1DB3400E973EC = {
			isa = PBXGroup;
			children = (
				4A26208518A1DB3400E973EC /* Airbug */,
				4A2620A318A1DB3400E973EC /* AirbugTests */,
				4A26207E18A1DB3400E973EC /* Frameworks */,
				4A26207D18A1DB3400E973EC /* Products */,
				4A6B73FD5BF94E7FA3648D8C /* Pods.xcconfig */,
				533C6D2BC68D40A8B00F8672 /* Pods-AirbugTests.xcconfig */,
			);
			sourceTree = "<group>";
		};
		4A26207D18A1DB3400E973EC /* Products */ = {
			isa = PBXGroup;
			children = (
				4A26207C18A1DB3400E973EC /* Airbug.app */,
				4A26209D18A1DB3400E973EC /* AirbugTests.xctest */,
			);
			name = Products;
			sourceTree = "<group>";
		};
		4A26207E18A1DB3400E973EC /* Frameworks */ = {
			isa = PBXGroup;
			children = (
				4A9AE75918A5BCC300D06721 /* Security.framework */,
				4A9AE75718A5BCBB00D06721 /* CFNetwork.framework */,
				4A9AE75518A5BCB300D06721 /* libicucore.dylib */,
				4A9AE75018A5598B00D06721 /* Quartz.framework */,
				4A9AE74E18A5597A00D06721 /* QuartzCore.framework */,
				4A26207F18A1DB3400E973EC /* Cocoa.framework */,
				4A26209E18A1DB3400E973EC /* XCTest.framework */,
				4A26208118A1DB3400E973EC /* Other Frameworks */,
				541525D46F964201A2684BB6 /* libPods.a */,
				BA186A99EBFC4090BF0013C6 /* libPods-AirbugTests.a */,
			);
			name = Frameworks;
			sourceTree = "<group>";
		};
		4A26208118A1DB3400E973EC /* Other Frameworks */ = {
			isa = PBXGroup;
			children = (
				4A26208218A1DB3400E973EC /* AppKit.framework */,
				4A26208318A1DB3400E973EC /* CoreData.framework */,
				4A26208418A1DB3400E973EC /* Foundation.framework */,
			);
			name = "Other Frameworks";
			sourceTree = "<group>";
		};
		4A26208518A1DB3400E973EC /* Airbug */ = {
			isa = PBXGroup;
			children = (
				4A9AE74118A42C2400D06721 /* Categories */,
				4A2620B518A1E67D00E973EC /* Models */,
				4A72CC5318A29D6700B41533 /* Controllers */,
				4A72CC4F18A29CBB00B41533 /* Views */,
				4A26209118A1DB3400E973EC /* ABAppDelegate.h */,
				4A26209218A1DB3400E973EC /* ABAppDelegate.m */,
				4A26209418A1DB3400E973EC /* MainMenu.xib */,
				4A9AE74818A5400500D06721 /* ABImageUploadWindow.xib */,
				4A26209718A1DB3400E973EC /* Images.xcassets */,
				4A26208618A1DB3400E973EC /* Supporting Files */,
			);
			path = Airbug;
			sourceTree = "<group>";
		};
		4A26208618A1DB3400E973EC /* Supporting Files */ = {
			isa = PBXGroup;
			children = (
				4A26208718A1DB3400E973EC /* Airbug-Info.plist */,
				4A26208818A1DB3400E973EC /* InfoPlist.strings */,
				4A26208B18A1DB3400E973EC /* main.m */,
				4A26208D18A1DB3400E973EC /* Airbug-Prefix.pch */,
				4A26208E18A1DB3400E973EC /* Credits.rtf */,
			);
			name = "Supporting Files";
			sourceTree = "<group>";
		};
		4A2620A318A1DB3400E973EC /* AirbugTests */ = {
			isa = PBXGroup;
			children = (
				4A2620B318A1E65100E973EC /* ABScreenCapturerTests.m */,
				4A72CC5718A307D500B41533 /* ABScreenCaptureControllerTests.m */,
				4A72CC5918A30A4900B41533 /* Test Doubles */,
				4A2620A418A1DB3400E973EC /* Supporting Files */,
			);
			path = AirbugTests;
			sourceTree = "<group>";
		};
		4A2620A418A1DB3400E973EC /* Supporting Files */ = {
			isa = PBXGroup;
			children = (
				4A2620A518A1DB3400E973EC /* AirbugTests-Info.plist */,
				4A2620A618A1DB3400E973EC /* InfoPlist.strings */,
			);
			name = "Supporting Files";
			sourceTree = "<group>";
		};
		4A2620B518A1E67D00E973EC /* Models */ = {
			isa = PBXGroup;
			children = (
				4A2620B618A1E68D00E973EC /* ABScreenCapture.h */,
				4A2620B718A1E68D00E973EC /* ABScreenCapture.m */,
			);
			name = Models;
			sourceTree = "<group>";
		};
		4A72CC4F18A29CBB00B41533 /* Views */ = {
			isa = PBXGroup;
			children = (
				4A9AE73B18A3F45500D06721 /* ABCaptureAreaWindow.h */,
				4A9AE73C18A3F45500D06721 /* ABCaptureAreaWindow.m */,
				4A9AE73E18A40F5B00D06721 /* ABCaptureAreaView.h */,
				4A9AE73F18A40F5B00D06721 /* ABCaptureAreaView.m */,
			);
			name = Views;
			sourceTree = "<group>";
		};
		4A72CC5318A29D6700B41533 /* Controllers */ = {
			isa = PBXGroup;
			children = (
				4A72CC5418A29D7A00B41533 /* ABScreenCaptureController.h */,
				4A72CC5518A29D7A00B41533 /* ABScreenCaptureController.m */,
				4A9AE74A18A541C900D06721 /* ABImageUploadWindowController.h */,
				4A9AE74B18A541C900D06721 /* ABImageUploadWindowController.m */,
				4A9AE74D18A54B4A00D06721 /* ABImageUploadWindowControllerDelegate.h */,
			);
			name = Controllers;
			sourceTree = "<group>";
		};
		4A72CC5918A30A4900B41533 /* Test Doubles */ = {
			isa = PBXGroup;
			children = (
				4A72CC5A18A30A6400B41533 /* FakeABScreenCaptureControllerDelegate.h */,
				4A72CC5B18A30A6400B41533 /* FakeABScreenCaptureControllerDelegate.m */,
			);
			name = "Test Doubles";
			sourceTree = "<group>";
		};
		4A9AE74118A42C2400D06721 /* Categories */ = {
			isa = PBXGroup;
			children = (
				4A9AE74218A42C3200D06721 /* NSImage+Crop.h */,
				4A9AE74318A42C3200D06721 /* NSImage+Crop.m */,
			);
			name = Categories;
			sourceTree = "<group>";
		};
/* End PBXGroup section */

/* Begin PBXNativeTarget section */
		4A26207B18A1DB3400E973EC /* Airbug */ = {
			isa = PBXNativeTarget;
			buildConfigurationList = 4A2620AD18A1DB3400E973EC /* Build configuration list for PBXNativeTarget "Airbug" */;
			buildPhases = (
				5C021F500AE74A82A5A1D35D /* Check Pods Manifest.lock */,
				4A26207818A1DB3400E973EC /* Sources */,
				4A26207918A1DB3400E973EC /* Frameworks */,
				4A26207A18A1DB3400E973EC /* Resources */,
				CB75892794BD444EBF637E94 /* Copy Pods Resources */,
			);
			buildRules = (
			);
			dependencies = (
			);
			name = Airbug;
			productName = Airbug;
			productReference = 4A26207C18A1DB3400E973EC /* Airbug.app */;
			productType = "com.apple.product-type.application";
		};
		4A26209C18A1DB3400E973EC /* AirbugTests */ = {
			isa = PBXNativeTarget;
			buildConfigurationList = 4A2620B018A1DB3400E973EC /* Build configuration list for PBXNativeTarget "AirbugTests" */;
			buildPhases = (
				45EF2A7A237C4B46B38D653C /* Check Pods Manifest.lock */,
				4A26209918A1DB3400E973EC /* Sources */,
				4A26209A18A1DB3400E973EC /* Frameworks */,
				4A26209B18A1DB3400E973EC /* Resources */,
				A7FECEEE4B7944C69C6296A5 /* Copy Pods Resources */,
			);
			buildRules = (
			);
			dependencies = (
				4A2620A218A1DB3400E973EC /* PBXTargetDependency */,
			);
			name = AirbugTests;
			productName = AirbugTests;
			productReference = 4A26209D18A1DB3400E973EC /* AirbugTests.xctest */;
			productType = "com.apple.product-type.bundle.unit-test";
		};
/* End PBXNativeTarget section */

/* Begin PBXProject section */
		4A26207418A1DB3400E973EC /* Project object */ = {
			isa = PBXProject;
			attributes = {
				CLASSPREFIX = AB;
				LastUpgradeCheck = 0500;
				ORGANIZATIONNAME = Airbug;
				TargetAttributes = {
					4A26209C18A1DB3400E973EC = {
						TestTargetID = 4A26207B18A1DB3400E973EC;
					};
				};
			};
			buildConfigurationList = 4A26207718A1DB3400E973EC /* Build configuration list for PBXProject "Airbug" */;
			compatibilityVersion = "Xcode 3.2";
			developmentRegion = English;
			hasScannedForEncodings = 0;
			knownRegions = (
				en,
				Base,
			);
			mainGroup = 4A26207318A1DB3400E973EC;
			productRefGroup = 4A26207D18A1DB3400E973EC /* Products */;
			projectDirPath = "";
			projectRoot = "";
			targets = (
				4A26207B18A1DB3400E973EC /* Airbug */,
				4A26209C18A1DB3400E973EC /* AirbugTests */,
			);
		};
/* End PBXProject section */

/* Begin PBXResourcesBuildPhase section */
		4A26207A18A1DB3400E973EC /* Resources */ = {
			isa = PBXResourcesBuildPhase;
			buildActionMask = 2147483647;
			files = (
				4A26208A18A1DB3400E973EC /* InfoPlist.strings in Resources */,
				4A26209818A1DB3400E973EC /* Images.xcassets in Resources */,
				4A9AE74918A5400500D06721 /* ABImageUploadWindow.xib in Resources */,
				4A26209018A1DB3400E973EC /* Credits.rtf in Resources */,
				4A26209618A1DB3400E973EC /* MainMenu.xib in Resources */,
			);
			runOnlyForDeploymentPostprocessing = 0;
		};
		4A26209B18A1DB3400E973EC /* Resources */ = {
			isa = PBXResourcesBuildPhase;
			buildActionMask = 2147483647;
			files = (
				4A2620A818A1DB3400E973EC /* InfoPlist.strings in Resources */,
			);
			runOnlyForDeploymentPostprocessing = 0;
		};
/* End PBXResourcesBuildPhase section */

/* Begin PBXShellScriptBuildPhase section */
		45EF2A7A237C4B46B38D653C /* Check Pods Manifest.lock */ = {
			isa = PBXShellScriptBuildPhase;
			buildActionMask = 2147483647;
			files = (
			);
			inputPaths = (
			);
			name = "Check Pods Manifest.lock";
			outputPaths = (
			);
			runOnlyForDeploymentPostprocessing = 0;
			shellPath = /bin/sh;
			shellScript = "diff \"${PODS_ROOT}/../Podfile.lock\" \"${PODS_ROOT}/Manifest.lock\" > /dev/null\nif [[ $? != 0 ]] ; then\n    cat << EOM\nerror: The sandbox is not in sync with the Podfile.lock. Run 'pod install' or update your CocoaPods installation.\nEOM\n    exit 1\nfi\n";
			showEnvVarsInLog = 0;
		};
		5C021F500AE74A82A5A1D35D /* Check Pods Manifest.lock */ = {
			isa = PBXShellScriptBuildPhase;
			buildActionMask = 2147483647;
			files = (
			);
			inputPaths = (
			);
			name = "Check Pods Manifest.lock";
			outputPaths = (
			);
			runOnlyForDeploymentPostprocessing = 0;
			shellPath = /bin/sh;
			shellScript = "diff \"${PODS_ROOT}/../Podfile.lock\" \"${PODS_ROOT}/Manifest.lock\" > /dev/null\nif [[ $? != 0 ]] ; then\n    cat << EOM\nerror: The sandbox is not in sync with the Podfile.lock. Run 'pod install' or update your CocoaPods installation.\nEOM\n    exit 1\nfi\n";
			showEnvVarsInLog = 0;
		};
		A7FECEEE4B7944C69C6296A5 /* Copy Pods Resources */ = {
			isa = PBXShellScriptBuildPhase;
			buildActionMask = 2147483647;
			files = (
			);
			inputPaths = (
			);
			name = "Copy Pods Resources";
			outputPaths = (
			);
			runOnlyForDeploymentPostprocessing = 0;
			shellPath = /bin/sh;
			shellScript = "\"${SRCROOT}/Pods/Pods-AirbugTests-resources.sh\"\n";
			showEnvVarsInLog = 0;
		};
		CB75892794BD444EBF637E94 /* Copy Pods Resources */ = {
			isa = PBXShellScriptBuildPhase;
			buildActionMask = 2147483647;
			files = (
			);
			inputPaths = (
			);
			name = "Copy Pods Resources";
			outputPaths = (
			);
			runOnlyForDeploymentPostprocessing = 0;
			shellPath = /bin/sh;
			shellScript = "\"${SRCROOT}/Pods/Pods-resources.sh\"\n";
			showEnvVarsInLog = 0;
		};
/* End PBXShellScriptBuildPhase section */

/* Begin PBXSourcesBuildPhase section */
		4A26207818A1DB3400E973EC /* Sources */ = {
			isa = PBXSourcesBuildPhase;
			buildActionMask = 2147483647;
			files = (
				4A26208C18A1DB3400E973EC /* main.m in Sources */,
				4A9AE74C18A541C900D06721 /* ABImageUploadWindowController.m in Sources */,
				4A2620B818A1E68D00E973EC /* ABScreenCapture.m in Sources */,
				4A72CC5618A29D7A00B41533 /* ABScreenCaptureController.m in Sources */,
				4A9AE74018A40F5B00D06721 /* ABCaptureAreaView.m in Sources */,
				4A26209318A1DB3400E973EC /* ABAppDelegate.m in Sources */,
				4A9AE74418A42C3200D06721 /* NSImage+Crop.m in Sources */,
				4A9AE73D18A3F45500D06721 /* ABCaptureAreaWindow.m in Sources */,
			);
			runOnlyForDeploymentPostprocessing = 0;
		};
		4A26209918A1DB3400E973EC /* Sources */ = {
			isa = PBXSourcesBuildPhase;
			buildActionMask = 2147483647;
			files = (
				4A72CC5818A307D500B41533 /* ABScreenCaptureControllerTests.m in Sources */,
				4A2620B418A1E65100E973EC /* ABScreenCapturerTests.m in Sources */,
				4A72CC5C18A30A6400B41533 /* FakeABScreenCaptureControllerDelegate.m in Sources */,
			);
			runOnlyForDeploymentPostprocessing = 0;
		};
/* End PBXSourcesBuildPhase section */

/* Begin PBXTargetDependency section */
		4A2620A218A1DB3400E973EC /* PBXTargetDependency */ = {
			isa = PBXTargetDependency;
			target = 4A26207B18A1DB3400E973EC /* Airbug */;
			targetProxy = 4A2620A118A1DB3400E973EC /* PBXContainerItemProxy */;
		};
/* End PBXTargetDependency section */

/* Begin PBXVariantGroup section */
		4A26208818A1DB3400E973EC /* InfoPlist.strings */ = {
			isa = PBXVariantGroup;
			children = (
				4A26208918A1DB3400E973EC /* en */,
			);
			name = InfoPlist.strings;
			sourceTree = "<group>";
		};
		4A26208E18A1DB3400E973EC /* Credits.rtf */ = {
			isa = PBXVariantGroup;
			children = (
				4A26208F18A1DB3400E973EC /* en */,
			);
			name = Credits.rtf;
			sourceTree = "<group>";
		};
		4A26209418A1DB3400E973EC /* MainMenu.xib */ = {
			isa = PBXVariantGroup;
			children = (
				4A26209518A1DB3400E973EC /* Base */,
			);
			name = MainMenu.xib;
			sourceTree = "<group>";
		};
		4A2620A618A1DB3400E973EC /* InfoPlist.strings */ = {
			isa = PBXVariantGroup;
			children = (
				4A2620A718A1DB3400E973EC /* en */,
			);
			name = InfoPlist.strings;
			sourceTree = "<group>";
		};
/* End PBXVariantGroup section */

/* Begin XCBuildConfiguration section */
		4A2620AB18A1DB3400E973EC /* Debug */ = {
			isa = XCBuildConfiguration;
			buildSettings = {
				ALWAYS_SEARCH_USER_PATHS = NO;
				CLANG_CXX_LANGUAGE_STANDARD = "gnu++0x";
				CLANG_CXX_LIBRARY = "libc++";
				CLANG_ENABLE_OBJC_ARC = YES;
				CLANG_WARN_BOOL_CONVERSION = YES;
				CLANG_WARN_CONSTANT_CONVERSION = YES;
				CLANG_WARN_DIRECT_OBJC_ISA_USAGE = YES_ERROR;
				CLANG_WARN_EMPTY_BODY = YES;
				CLANG_WARN_ENUM_CONVERSION = YES;
				CLANG_WARN_INT_CONVERSION = YES;
				CLANG_WARN_OBJC_ROOT_CLASS = YES_ERROR;
				CLANG_WARN__DUPLICATE_METHOD_MATCH = YES;
				COPY_PHASE_STRIP = NO;
				GCC_C_LANGUAGE_STANDARD = gnu99;
				GCC_DYNAMIC_NO_PIC = NO;
				GCC_ENABLE_OBJC_EXCEPTIONS = YES;
				GCC_OPTIMIZATION_LEVEL = 0;
				GCC_PREPROCESSOR_DEFINITIONS = (
					"DEBUG=1",
					"$(inherited)",
				);
				GCC_SYMBOLS_PRIVATE_EXTERN = NO;
				GCC_WARN_64_TO_32_BIT_CONVERSION = YES;
				GCC_WARN_ABOUT_RETURN_TYPE = YES_ERROR;
				GCC_WARN_UNDECLARED_SELECTOR = YES;
				GCC_WARN_UNINITIALIZED_AUTOS = YES;
				GCC_WARN_UNUSED_FUNCTION = YES;
				GCC_WARN_UNUSED_VARIABLE = YES;
				MACOSX_DEPLOYMENT_TARGET = 10.9;
				ONLY_ACTIVE_ARCH = YES;
				SDKROOT = macosx;
			};
			name = Debug;
		};
		4A2620AC18A1DB3400E973EC /* Release */ = {
			isa = XCBuildConfiguration;
			buildSettings = {
				ALWAYS_SEARCH_USER_PATHS = NO;
				CLANG_CXX_LANGUAGE_STANDARD = "gnu++0x";
				CLANG_CXX_LIBRARY = "libc++";
				CLANG_ENABLE_OBJC_ARC = YES;
				CLANG_WARN_BOOL_CONVERSION = YES;
				CLANG_WARN_CONSTANT_CONVERSION = YES;
				CLANG_WARN_DIRECT_OBJC_ISA_USAGE = YES_ERROR;
				CLANG_WARN_EMPTY_BODY = YES;
				CLANG_WARN_ENUM_CONVERSION = YES;
				CLANG_WARN_INT_CONVERSION = YES;
				CLANG_WARN_OBJC_ROOT_CLASS = YES_ERROR;
				CLANG_WARN__DUPLICATE_METHOD_MATCH = YES;
				COPY_PHASE_STRIP = YES;
				DEBUG_INFORMATION_FORMAT = "dwarf-with-dsym";
				ENABLE_NS_ASSERTIONS = NO;
				GCC_C_LANGUAGE_STANDARD = gnu99;
				GCC_ENABLE_OBJC_EXCEPTIONS = YES;
				GCC_WARN_64_TO_32_BIT_CONVERSION = YES;
				GCC_WARN_ABOUT_RETURN_TYPE = YES_ERROR;
				GCC_WARN_UNDECLARED_SELECTOR = YES;
				GCC_WARN_UNINITIALIZED_AUTOS = YES;
				GCC_WARN_UNUSED_FUNCTION = YES;
				GCC_WARN_UNUSED_VARIABLE = YES;
				MACOSX_DEPLOYMENT_TARGET = 10.9;
				SDKROOT = macosx;
			};
			name = Release;
		};
		4A2620AE18A1DB3400E973EC /* Debug */ = {
			isa = XCBuildConfiguration;
			baseConfigurationReference = 4A6B73FD5BF94E7FA3648D8C /* Pods.xcconfig */;
			buildSettings = {
				ASSETCATALOG_COMPILER_APPICON_NAME = AppIcon;
				COMBINE_HIDPI_IMAGES = YES;
				GCC_PRECOMPILE_PREFIX_HEADER = YES;
				GCC_PREFIX_HEADER = "Airbug/Airbug-Prefix.pch";
				INFOPLIST_FILE = "Airbug/Airbug-Info.plist";
				PRODUCT_NAME = "$(TARGET_NAME)";
				WRAPPER_EXTENSION = app;
			};
			name = Debug;
		};
		4A2620AF18A1DB3400E973EC /* Release */ = {
			isa = XCBuildConfiguration;
			baseConfigurationReference = 4A6B73FD5BF94E7FA3648D8C /* Pods.xcconfig */;
			buildSettings = {
				ASSETCATALOG_COMPILER_APPICON_NAME = AppIcon;
				COMBINE_HIDPI_IMAGES = YES;
				GCC_PRECOMPILE_PREFIX_HEADER = YES;
				GCC_PREFIX_HEADER = "Airbug/Airbug-Prefix.pch";
				INFOPLIST_FILE = "Airbug/Airbug-Info.plist";
				PRODUCT_NAME = "$(TARGET_NAME)";
				WRAPPER_EXTENSION = app;
			};
			name = Release;
		};
		4A2620B118A1DB3400E973EC /* Debug */ = {
			isa = XCBuildConfiguration;
			baseConfigurationReference = 533C6D2BC68D40A8B00F8672 /* Pods-AirbugTests.xcconfig */;
			buildSettings = {
				BUNDLE_LOADER = "$(BUILT_PRODUCTS_DIR)/Airbug.app/Contents/MacOS/Airbug";
				COMBINE_HIDPI_IMAGES = YES;
				FRAMEWORK_SEARCH_PATHS = (
					"$(DEVELOPER_FRAMEWORKS_DIR)",
					"$(inherited)",
				);
				GCC_PRECOMPILE_PREFIX_HEADER = YES;
				GCC_PREFIX_HEADER = "Airbug/Airbug-Prefix.pch";
				GCC_PREPROCESSOR_DEFINITIONS = (
					"DEBUG=1",
					"$(inherited)",
				);
				INFOPLIST_FILE = "AirbugTests/AirbugTests-Info.plist";
				PRODUCT_NAME = "$(TARGET_NAME)";
				TEST_HOST = "$(BUNDLE_LOADER)";
				WRAPPER_EXTENSION = xctest;
			};
			name = Debug;
		};
		4A2620B218A1DB3400E973EC /* Release */ = {
			isa = XCBuildConfiguration;
			baseConfigurationReference = 533C6D2BC68D40A8B00F8672 /* Pods-AirbugTests.xcconfig */;
			buildSettings = {
				BUNDLE_LOADER = "$(BUILT_PRODUCTS_DIR)/Airbug.app/Contents/MacOS/Airbug";
				COMBINE_HIDPI_IMAGES = YES;
				FRAMEWORK_SEARCH_PATHS = (
					"$(DEVELOPER_FRAMEWORKS_DIR)",
					"$(inherited)",
				);
				GCC_PRECOMPILE_PREFIX_HEADER = YES;
				GCC_PREFIX_HEADER = "Airbug/Airbug-Prefix.pch";
				INFOPLIST_FILE = "AirbugTests/AirbugTests-Info.plist";
				PRODUCT_NAME = "$(TARGET_NAME)";
				TEST_HOST = "$(BUNDLE_LOADER)";
				WRAPPER_EXTENSION = xctest;
			};
			name = Release;
		};
/* End XCBuildConfiguration section */

/* Begin XCConfigurationList section */
		4A26207718A1DB3400E973EC /* Build configuration list for PBXProject "Airbug" */ = {
			isa = XCConfigurationList;
			buildConfigurations = (
				4A2620AB18A1DB3400E973EC /* Debug */,
				4A2620AC18A1DB3400E973EC /* Release */,
			);
			defaultConfigurationIsVisible = 0;
			defaultConfigurationName = Release;
		};
		4A2620AD18A1DB3400E973EC /* Build configuration list for PBXNativeTarget "Airbug" */ = {
			isa = XCConfigurationList;
			buildConfigurations = (
				4A2620AE18A1DB3400E973EC /* Debug */,
				4A2620AF18A1DB3400E973EC /* Release */,
			);
			defaultConfigurationIsVisible = 0;
			defaultConfigurationName = Release;
		};
		4A2620B018A1DB3400E973EC /* Build configuration list for PBXNativeTarget "AirbugTests" */ = {
			isa = XCConfigurationList;
			buildConfigurations = (
				4A2620B118A1DB3400E973EC /* Debug */,
				4A2620B218A1DB3400E973EC /* Release */,
			);
			defaultConfigurationIsVisible = 0;
			defaultConfigurationName = Release;
		};
/* End XCConfigurationList section */
	};
	rootObject = 4A26207418A1DB3400E973EC /* Project object */;
}
